// !$*UTF8*$!
{
	archiveVersion = 1;
	classes = {
	};
	objectVersion = 55;
	objects = {

/* Begin PBXBuildFile section */
		EFD33D4928111FE2006B841F /* AppDelegate.swift in Sources */ = {isa = PBXBuildFile; fileRef = EFD33D4828111FE2006B841F /* AppDelegate.swift */; };
		EFD33D4B28111FE2006B841F /* SceneDelegate.swift in Sources */ = {isa = PBXBuildFile; fileRef = EFD33D4A28111FE2006B841F /* SceneDelegate.swift */; };
		EFD33D4D28111FE2006B841F /* ViewController.swift in Sources */ = {isa = PBXBuildFile; fileRef = EFD33D4C28111FE2006B841F /* ViewController.swift */; };
		EFD33D5028111FE2006B841F /* Main.storyboard in Resources */ = {isa = PBXBuildFile; fileRef = EFD33D4E28111FE2006B841F /* Main.storyboard */; };
		EFD33D5228111FEA006B841F /* Assets.xcassets in Resources */ = {isa = PBXBuildFile; fileRef = EFD33D5128111FEA006B841F /* Assets.xcassets */; };
		EFD33D5528111FEA006B841F /* LaunchScreen.storyboard in Resources */ = {isa = PBXBuildFile; fileRef = EFD33D5328111FEA006B841F /* LaunchScreen.storyboard */; };
		EFD33D772811246A006B841F /* App Environment.swift in Sources */ = {isa = PBXBuildFile; fileRef = EFD33D762811246A006B841F /* App Environment.swift */; };
		EFD33D79281124B1006B841F /* Network Monitor.swift in Sources */ = {isa = PBXBuildFile; fileRef = EFD33D78281124B1006B841F /* Network Monitor.swift */; };
		EFD33D7B281128EE006B841F /* API Error.swift in Sources */ = {isa = PBXBuildFile; fileRef = EFD33D7A281128EE006B841F /* API Error.swift */; };
		EFD33D7D28112946006B841F /* API EndPoints.swift in Sources */ = {isa = PBXBuildFile; fileRef = EFD33D7C28112946006B841F /* API EndPoints.swift */; };
		EFD33D7F28112A5E006B841F /* APIManager.swift in Sources */ = {isa = PBXBuildFile; fileRef = EFD33D7E28112A5E006B841F /* APIManager.swift */; };
		EFD33D8128112F9C006B841F /* Extensions.swift in Sources */ = {isa = PBXBuildFile; fileRef = EFD33D8028112F9C006B841F /* Extensions.swift */; };
		EFD33D832811347E006B841F /* Models.swift in Sources */ = {isa = PBXBuildFile; fileRef = EFD33D822811347E006B841F /* Models.swift */; };
		EFD33D8528113945006B841F /* RestaurentViewModel.swift in Sources */ = {isa = PBXBuildFile; fileRef = EFD33D8428113945006B841F /* RestaurentViewModel.swift */; };
		EFD33D8728113F77006B841F /* Binding View.swift in Sources */ = {isa = PBXBuildFile; fileRef = EFD33D8628113F77006B841F /* Binding View.swift */; };
		EFD33D8B28115459006B841F /* resturentDetailsCellTableViewCell.swift in Sources */ = {isa = PBXBuildFile; fileRef = EFD33D8928115459006B841F /* resturentDetailsCellTableViewCell.swift */; };
		EFD33D8C28115459006B841F /* resturentDetailsCellTableViewCell.xib in Resources */ = {isa = PBXBuildFile; fileRef = EFD33D8A28115459006B841F /* resturentDetailsCellTableViewCell.xib */; };
		EFD33D8F28115BC2006B841F /* SDWebImage in Frameworks */ = {isa = PBXBuildFile; productRef = EFD33D8E28115BC2006B841F /* SDWebImage */; };
		EFD33D912811625A006B841F /* mapController.swift in Sources */ = {isa = PBXBuildFile; fileRef = EFD33D902811625A006B841F /* mapController.swift */; };
/* End PBXBuildFile section */

/* Begin PBXFileReference section */
		EFD33D4528111FE2006B841F /* MVVM-RestaurentAPP.app */ = {isa = PBXFileReference; explicitFileType = wrapper.application; includeInIndex = 0; path = "MVVM-RestaurentAPP.app"; sourceTree = BUILT_PRODUCTS_DIR; };
		EFD33D4828111FE2006B841F /* AppDelegate.swift */ = {isa = PBXFileReference; lastKnownFileType = sourcecode.swift; path = AppDelegate.swift; sourceTree = "<group>"; };
		EFD33D4A28111FE2006B841F /* SceneDelegate.swift */ = {isa = PBXFileReference; lastKnownFileType = sourcecode.swift; path = SceneDelegate.swift; sourceTree = "<group>"; };
		EFD33D4C28111FE2006B841F /* ViewController.swift */ = {isa = PBXFileReference; lastKnownFileType = sourcecode.swift; path = ViewController.swift; sourceTree = "<group>"; };
		EFD33D4F28111FE2006B841F /* Base */ = {isa = PBXFileReference; lastKnownFileType = file.storyboard; name = Base; path = Base.lproj/Main.storyboard; sourceTree = "<group>"; };
		EFD33D5128111FEA006B841F /* Assets.xcassets */ = {isa = PBXFileReference; lastKnownFileType = folder.assetcatalog; path = Assets.xcassets; sourceTree = "<group>"; };
		EFD33D5428111FEA006B841F /* Base */ = {isa = PBXFileReference; lastKnownFileType = file.storyboard; name = Base; path = Base.lproj/LaunchScreen.storyboard; sourceTree = "<group>"; };
		EFD33D5628111FEA006B841F /* Info.plist */ = {isa = PBXFileReference; lastKnownFileType = text.plist.xml; path = Info.plist; sourceTree = "<group>"; };
		EFD33D762811246A006B841F /* App Environment.swift */ = {isa = PBXFileReference; lastKnownFileType = sourcecode.swift; path = "App Environment.swift"; sourceTree = "<group>"; };
		EFD33D78281124B1006B841F /* Network Monitor.swift */ = {isa = PBXFileReference; lastKnownFileType = sourcecode.swift; path = "Network Monitor.swift"; sourceTree = "<group>"; };
		EFD33D7A281128EE006B841F /* API Error.swift */ = {isa = PBXFileReference; lastKnownFileType = sourcecode.swift; path = "API Error.swift"; sourceTree = "<group>"; };
		EFD33D7C28112946006B841F /* API EndPoints.swift */ = {isa = PBXFileReference; lastKnownFileType = sourcecode.swift; path = "API EndPoints.swift"; sourceTree = "<group>"; };
		EFD33D7E28112A5E006B841F /* APIManager.swift */ = {isa = PBXFileReference; lastKnownFileType = sourcecode.swift; path = APIManager.swift; sourceTree = "<group>"; };
		EFD33D8028112F9C006B841F /* Extensions.swift */ = {isa = PBXFileReference; lastKnownFileType = sourcecode.swift; path = Extensions.swift; sourceTree = "<group>"; };
		EFD33D822811347E006B841F /* Models.swift */ = {isa = PBXFileReference; lastKnownFileType = sourcecode.swift; path = Models.swift; sourceTree = "<group>"; };
		EFD33D8428113945006B841F /* RestaurentViewModel.swift */ = {isa = PBXFileReference; lastKnownFileType = sourcecode.swift; path = RestaurentViewModel.swift; sourceTree = "<group>"; };
		EFD33D8628113F77006B841F /* Binding View.swift */ = {isa = PBXFileReference; lastKnownFileType = sourcecode.swift; path = "Binding View.swift"; sourceTree = "<group>"; };
		EFD33D8928115459006B841F /* resturentDetailsCellTableViewCell.swift */ = {isa = PBXFileReference; lastKnownFileType = sourcecode.swift; path = resturentDetailsCellTableViewCell.swift; sourceTree = "<group>"; };
		EFD33D8A28115459006B841F /* resturentDetailsCellTableViewCell.xib */ = {isa = PBXFileReference; lastKnownFileType = file.xib; path = resturentDetailsCellTableViewCell.xib; sourceTree = "<group>"; };
		EFD33D902811625A006B841F /* mapController.swift */ = {isa = PBXFileReference; lastKnownFileType = sourcecode.swift; path = mapController.swift; sourceTree = "<group>"; };
/* End PBXFileReference section */

/* Begin PBXFrameworksBuildPhase section */
		EFD33D4228111FE2006B841F /* Frameworks */ = {
			isa = PBXFrameworksBuildPhase;
			buildActionMask = 2147483647;
			files = (
				EFD33D8F28115BC2006B841F /* SDWebImage in Frameworks */,
			);
			runOnlyForDeploymentPostprocessing = 0;
		};
/* End PBXFrameworksBuildPhase section */

/* Begin PBXGroup section */
		EFD33D3C28111FE2006B841F = {
			isa = PBXGroup;
			children = (
				EFD33D4728111FE2006B841F /* MVVM-RestaurentAPP */,
				EFD33D4628111FE2006B841F /* Products */,
			);
			sourceTree = "<group>";
		};
		EFD33D4628111FE2006B841F /* Products */ = {
			isa = PBXGroup;
			children = (
				EFD33D4528111FE2006B841F /* MVVM-RestaurentAPP.app */,
			);
			name = Products;
			sourceTree = "<group>";
		};
		EFD33D4728111FE2006B841F /* MVVM-RestaurentAPP */ = {
			isa = PBXGroup;
			children = (
				EFD33D602811223F006B841F /* App Environment */,
				EFD33D6128112263006B841F /* Network Monitor */,
				EFD33D5F281120DB006B841F /* Resource */,
				EFD33D69281122E8006B841F /* Launch Screen */,
				EFD33D72281123E6006B841F /* Assets */,
				EFD33D5C28112097006B841F /* WebServices */,
				EFD33D632811227C006B841F /* Utality */,
				EFD33D6228112272006B841F /* DataBase */,
				EFD33D67281122C5006B841F /* StoryBoard */,
				EFD33D68281122CE006B841F /* Modules */,
				EFD33D5628111FEA006B841F /* Info.plist */,
			);
			path = "MVVM-RestaurentAPP";
			sourceTree = "<group>";
		};
		EFD33D5C28112097006B841F /* WebServices */ = {
			isa = PBXGroup;
			children = (
				EFD33D7528112436006B841F /* API EndPoints */,
				EFD33D7428112415006B841F /* API Errors */,
				EFD33D732811240B006B841F /* API Manager */,
			);
			path = WebServices;
			sourceTree = "<group>";
		};
		EFD33D5F281120DB006B841F /* Resource */ = {
			isa = PBXGroup;
			children = (
				EFD33D4828111FE2006B841F /* AppDelegate.swift */,
				EFD33D4A28111FE2006B841F /* SceneDelegate.swift */,
			);
			path = Resource;
			sourceTree = "<group>";
		};
		EFD33D602811223F006B841F /* App Environment */ = {
			isa = PBXGroup;
			children = (
				EFD33D762811246A006B841F /* App Environment.swift */,
			);
			path = "App Environment";
			sourceTree = "<group>";
		};
		EFD33D6128112263006B841F /* Network Monitor */ = {
			isa = PBXGroup;
			children = (
				EFD33D78281124B1006B841F /* Network Monitor.swift */,
			);
			path = "Network Monitor";
			sourceTree = "<group>";
		};
		EFD33D6228112272006B841F /* DataBase */ = {
			isa = PBXGroup;
			children = (
			);
			path = DataBase;
			sourceTree = "<group>";
		};
		EFD33D632811227C006B841F /* Utality */ = {
			isa = PBXGroup;
			children = (
				EFD33D662811229B006B841F /* Protocal */,
				EFD33D6428112286006B841F /* Helper Class */,
			);
			path = Utality;
			sourceTree = "<group>";
		};
		EFD33D6428112286006B841F /* Helper Class */ = {
			isa = PBXGroup;
			children = (
				EFD33D8028112F9C006B841F /* Extensions.swift */,
			);
			path = "Helper Class";
			sourceTree = "<group>";
		};
		EFD33D662811229B006B841F /* Protocal */ = {
			isa = PBXGroup;
			children = (
			);
			path = Protocal;
			sourceTree = "<group>";
		};
		EFD33D67281122C5006B841F /* StoryBoard */ = {
			isa = PBXGroup;
			children = (
				EFD33D4E28111FE2006B841F /* Main.storyboard */,
			);
			path = StoryBoard;
			sourceTree = "<group>";
		};
		EFD33D68281122CE006B841F /* Modules */ = {
			isa = PBXGroup;
			children = (
				EFD33D6C28112331006B841F /* Restaurent List */,
			);
			path = Modules;
			sourceTree = "<group>";
		};
		EFD33D69281122E8006B841F /* Launch Screen */ = {
			isa = PBXGroup;
			children = (
				EFD33D5328111FEA006B841F /* LaunchScreen.storyboard */,
			);
			path = "Launch Screen";
			sourceTree = "<group>";
		};
		EFD33D6C28112331006B841F /* Restaurent List */ = {
			isa = PBXGroup;
			children = (
				EFD33D882811542B006B841F /* Cells */,
				EFD33D7028112360006B841F /* Model */,
				EFD33D6F28112358006B841F /* ViewModel */,
				EFD33D6E2811234F006B841F /* View */,
			);
			path = "Restaurent List";
			sourceTree = "<group>";
		};
		EFD33D6E2811234F006B841F /* View */ = {
			isa = PBXGroup;
			children = (
				EFD33D902811625A006B841F /* mapController.swift */,
				EFD33D4C28111FE2006B841F /* ViewController.swift */,
			);
			path = View;
			sourceTree = "<group>";
		};
		EFD33D6F28112358006B841F /* ViewModel */ = {
			isa = PBXGroup;
			children = (
				EFD33D8428113945006B841F /* RestaurentViewModel.swift */,
				EFD33D8628113F77006B841F /* Binding View.swift */,
			);
			path = ViewModel;
			sourceTree = "<group>";
		};
		EFD33D7028112360006B841F /* Model */ = {
			isa = PBXGroup;
			children = (
				EFD33D822811347E006B841F /* Models.swift */,
			);
			path = Model;
			sourceTree = "<group>";
		};
		EFD33D72281123E6006B841F /* Assets */ = {
			isa = PBXGroup;
			children = (
				EFD33D5128111FEA006B841F /* Assets.xcassets */,
			);
			path = Assets;
			sourceTree = "<group>";
		};
		EFD33D732811240B006B841F /* API Manager */ = {
			isa = PBXGroup;
			children = (
				EFD33D7E28112A5E006B841F /* APIManager.swift */,
			);
			path = "API Manager";
			sourceTree = "<group>";
		};
		EFD33D7428112415006B841F /* API Errors */ = {
			isa = PBXGroup;
			children = (
				EFD33D7A281128EE006B841F /* API Error.swift */,
			);
			path = "API Errors";
			sourceTree = "<group>";
		};
		EFD33D7528112436006B841F /* API EndPoints */ = {
			isa = PBXGroup;
			children = (
				EFD33D7C28112946006B841F /* API EndPoints.swift */,
			);
			path = "API EndPoints";
			sourceTree = "<group>";
		};
		EFD33D882811542B006B841F /* Cells */ = {
			isa = PBXGroup;
			children = (
				EFD33D8928115459006B841F /* resturentDetailsCellTableViewCell.swift */,
				EFD33D8A28115459006B841F /* resturentDetailsCellTableViewCell.xib */,
			);
			path = Cells;
			sourceTree = "<group>";
		};
/* End PBXGroup section */

/* Begin PBXNativeTarget section */
		EFD33D4428111FE2006B841F /* MVVM-RestaurentAPP */ = {
			isa = PBXNativeTarget;
			buildConfigurationList = EFD33D5928111FEA006B841F /* Build configuration list for PBXNativeTarget "MVVM-RestaurentAPP" */;
			buildPhases = (
				EFD33D4128111FE2006B841F /* Sources */,
				EFD33D4228111FE2006B841F /* Frameworks */,
				EFD33D4328111FE2006B841F /* Resources */,
			);
			buildRules = (
			);
			dependencies = (
			);
			name = "MVVM-RestaurentAPP";
			packageProductDependencies = (
				EFD33D8E28115BC2006B841F /* SDWebImage */,
			);
			productName = "MVVM-RestaurentAPP";
			productReference = EFD33D4528111FE2006B841F /* MVVM-RestaurentAPP.app */;
			productType = "com.apple.product-type.application";
		};
/* End PBXNativeTarget section */

/* Begin PBXProject section */
		EFD33D3D28111FE2006B841F /* Project object */ = {
			isa = PBXProject;
			attributes = {
				BuildIndependentTargetsInParallel = 1;
				LastSwiftUpdateCheck = 1330;
				LastUpgradeCheck = 1330;
				TargetAttributes = {
					EFD33D4428111FE2006B841F = {
						CreatedOnToolsVersion = 13.3;
					};
				};
			};
			buildConfigurationList = EFD33D4028111FE2006B841F /* Build configuration list for PBXProject "MVVM-RestaurentAPP" */;
			compatibilityVersion = "Xcode 13.0";
			developmentRegion = en;
			hasScannedForEncodings = 0;
			knownRegions = (
				en,
				Base,
			);
			mainGroup = EFD33D3C28111FE2006B841F;
			packageReferences = (
				EFD33D8D28115BC2006B841F /* XCRemoteSwiftPackageReference "SDWebImage" */,
			);
			productRefGroup = EFD33D4628111FE2006B841F /* Products */;
			projectDirPath = "";
			projectRoot = "";
			targets = (
				EFD33D4428111FE2006B841F /* MVVM-RestaurentAPP */,
			);
		};
/* End PBXProject section */

/* Begin PBXResourcesBuildPhase section */
		EFD33D4328111FE2006B841F /* Resources */ = {
			isa = PBXResourcesBuildPhase;
			buildActionMask = 2147483647;
			files = (
				EFD33D5528111FEA006B841F /* LaunchScreen.storyboard in Resources */,
				EFD33D5228111FEA006B841F /* Assets.xcassets in Resources */,
				EFD33D5028111FE2006B841F /* Main.storyboard in Resources */,
				EFD33D8C28115459006B841F /* resturentDetailsCellTableViewCell.xib in Resources */,
			);
			runOnlyForDeploymentPostprocessing = 0;
		};
/* End PBXResourcesBuildPhase section */

/* Begin PBXSourcesBuildPhase section */
		EFD33D4128111FE2006B841F /* Sources */ = {
			isa = PBXSourcesBuildPhase;
			buildActionMask = 2147483647;
			files = (
				EFD33D7F28112A5E006B841F /* APIManager.swift in Sources */,
				EFD33D8128112F9C006B841F /* Extensions.swift in Sources */,
				EFD33D4D28111FE2006B841F /* ViewController.swift in Sources */,
				EFD33D79281124B1006B841F /* Network Monitor.swift in Sources */,
				EFD33D4928111FE2006B841F /* AppDelegate.swift in Sources */,
				EFD33D772811246A006B841F /* App Environment.swift in Sources */,
				EFD33D912811625A006B841F /* mapController.swift in Sources */,
				EFD33D7B281128EE006B841F /* API Error.swift in Sources */,
				EFD33D8728113F77006B841F /* Binding View.swift in Sources */,
				EFD33D7D28112946006B841F /* API EndPoints.swift in Sources */,
				EFD33D4B28111FE2006B841F /* SceneDelegate.swift in Sources */,
				EFD33D832811347E006B841F /* Models.swift in Sources */,
				EFD33D8B28115459006B841F /* resturentDetailsCellTableViewCell.swift in Sources */,
				EFD33D8528113945006B841F /* RestaurentViewModel.swift in Sources */,
			);
			runOnlyForDeploymentPostprocessing = 0;
		};
/* End PBXSourcesBuildPhase section */

/* Begin PBXVariantGroup section */
		EFD33D4E28111FE2006B841F /* Main.storyboard */ = {
			isa = PBXVariantGroup;
			children = (
				EFD33D4F28111FE2006B841F /* Base */,
			);
			name = Main.storyboard;
			sourceTree = "<group>";
		};
		EFD33D5328111FEA006B841F /* LaunchScreen.storyboard */ = {
			isa = PBXVariantGroup;
			children = (
				EFD33D5428111FEA006B841F /* Base */,
			);
			name = LaunchScreen.storyboard;
			sourceTree = "<group>";
		};
/* End PBXVariantGroup section */

/* Begin XCBuildConfiguration section */
		EFD33D5728111FEA006B841F /* Debug */ = {
			isa = XCBuildConfiguration;
			buildSettings = {
				ALWAYS_SEARCH_USER_PATHS = NO;
				CLANG_ANALYZER_NONNULL = YES;
				CLANG_ANALYZER_NUMBER_OBJECT_CONVERSION = YES_AGGRESSIVE;
				CLANG_CXX_LANGUAGE_STANDARD = "gnu++17";
				CLANG_ENABLE_MODULES = YES;
				CLANG_ENABLE_OBJC_ARC = YES;
				CLANG_ENABLE_OBJC_WEAK = YES;
				CLANG_WARN_BLOCK_CAPTURE_AUTORELEASING = YES;
				CLANG_WARN_BOOL_CONVERSION = YES;
				CLANG_WARN_COMMA = YES;
				CLANG_WARN_CONSTANT_CONVERSION = YES;
				CLANG_WARN_DEPRECATED_OBJC_IMPLEMENTATIONS = YES;
				CLANG_WARN_DIRECT_OBJC_ISA_USAGE = YES_ERROR;
				CLANG_WARN_DOCUMENTATION_COMMENTS = YES;
				CLANG_WARN_EMPTY_BODY = YES;
				CLANG_WARN_ENUM_CONVERSION = YES;
				CLANG_WARN_INFINITE_RECURSION = YES;
				CLANG_WARN_INT_CONVERSION = YES;
				CLANG_WARN_NON_LITERAL_NULL_CONVERSION = YES;
				CLANG_WARN_OBJC_IMPLICIT_RETAIN_SELF = YES;
				CLANG_WARN_OBJC_LITERAL_CONVERSION = YES;
				CLANG_WARN_OBJC_ROOT_CLASS = YES_ERROR;
				CLANG_WARN_QUOTED_INCLUDE_IN_FRAMEWORK_HEADER = YES;
				CLANG_WARN_RANGE_LOOP_ANALYSIS = YES;
				CLANG_WARN_STRICT_PROTOTYPES = YES;
				CLANG_WARN_SUSPICIOUS_MOVE = YES;
				CLANG_WARN_UNGUARDED_AVAILABILITY = YES_AGGRESSIVE;
				CLANG_WARN_UNREACHABLE_CODE = YES;
				CLANG_WARN__DUPLICATE_METHOD_MATCH = YES;
				COPY_PHASE_STRIP = NO;
				DEBUG_INFORMATION_FORMAT = dwarf;
				ENABLE_STRICT_OBJC_MSGSEND = YES;
				ENABLE_TESTABILITY = YES;
				GCC_C_LANGUAGE_STANDARD = gnu11;
				GCC_DYNAMIC_NO_PIC = NO;
				GCC_NO_COMMON_BLOCKS = YES;
				GCC_OPTIMIZATION_LEVEL = 0;
				GCC_PREPROCESSOR_DEFINITIONS = (
					"DEBUG=1",
					"$(inherited)",
				);
				GCC_WARN_64_TO_32_BIT_CONVERSION = YES;
				GCC_WARN_ABOUT_RETURN_TYPE = YES_ERROR;
				GCC_WARN_UNDECLARED_SELECTOR = YES;
				GCC_WARN_UNINITIALIZED_AUTOS = YES_AGGRESSIVE;
				GCC_WARN_UNUSED_FUNCTION = YES;
				GCC_WARN_UNUSED_VARIABLE = YES;
				IPHONEOS_DEPLOYMENT_TARGET = 15.4;
				MTL_ENABLE_DEBUG_INFO = INCLUDE_SOURCE;
				MTL_FAST_MATH = YES;
				ONLY_ACTIVE_ARCH = YES;
				SDKROOT = iphoneos;
				SWIFT_ACTIVE_COMPILATION_CONDITIONS = DEBUG;
				SWIFT_OPTIMIZATION_LEVEL = "-Onone";
			};
			name = Debug;
		};
		EFD33D5828111FEA006B841F /* Release */ = {
			isa = XCBuildConfiguration;
			buildSettings = {
				ALWAYS_SEARCH_USER_PATHS = NO;
				CLANG_ANALYZER_NONNULL = YES;
				CLANG_ANALYZER_NUMBER_OBJECT_CONVERSION = YES_AGGRESSIVE;
				CLANG_CXX_LANGUAGE_STANDARD = "gnu++17";
				CLANG_ENABLE_MODULES = YES;
				CLANG_ENABLE_OBJC_ARC = YES;
				CLANG_ENABLE_OBJC_WEAK = YES;
				CLANG_WARN_BLOCK_CAPTURE_AUTORELEASING = YES;
				CLANG_WARN_BOOL_CONVERSION = YES;
				CLANG_WARN_COMMA = YES;
				CLANG_WARN_CONSTANT_CONVERSION = YES;
				CLANG_WARN_DEPRECATED_OBJC_IMPLEMENTATIONS = YES;
				CLANG_WARN_DIRECT_OBJC_ISA_USAGE = YES_ERROR;
				CLANG_WARN_DOCUMENTATION_COMMENTS = YES;
				CLANG_WARN_EMPTY_BODY = YES;
				CLANG_WARN_ENUM_CONVERSION = YES;
				CLANG_WARN_INFINITE_RECURSION = YES;
				CLANG_WARN_INT_CONVERSION = YES;
				CLANG_WARN_NON_LITERAL_NULL_CONVERSION = YES;
				CLANG_WARN_OBJC_IMPLICIT_RETAIN_SELF = YES;
				CLANG_WARN_OBJC_LITERAL_CONVERSION = YES;
				CLANG_WARN_OBJC_ROOT_CLASS = YES_ERROR;
				CLANG_WARN_QUOTED_INCLUDE_IN_FRAMEWORK_HEADER = YES;
				CLANG_WARN_RANGE_LOOP_ANALYSIS = YES;
				CLANG_WARN_STRICT_PROTOTYPES = YES;
				CLANG_WARN_SUSPICIOUS_MOVE = YES;
				CLANG_WARN_UNGUARDED_AVAILABILITY = YES_AGGRESSIVE;
				CLANG_WARN_UNREACHABLE_CODE = YES;
				CLANG_WARN__DUPLICATE_METHOD_MATCH = YES;
				COPY_PHASE_STRIP = NO;
				DEBUG_INFORMATION_FORMAT = "dwarf-with-dsym";
				ENABLE_NS_ASSERTIONS = NO;
				ENABLE_STRICT_OBJC_MSGSEND = YES;
				GCC_C_LANGUAGE_STANDARD = gnu11;
				GCC_NO_COMMON_BLOCKS = YES;
				GCC_WARN_64_TO_32_BIT_CONVERSION = YES;
				GCC_WARN_ABOUT_RETURN_TYPE = YES_ERROR;
				GCC_WARN_UNDECLARED_SELECTOR = YES;
				GCC_WARN_UNINITIALIZED_AUTOS = YES_AGGRESSIVE;
				GCC_WARN_UNUSED_FUNCTION = YES;
				GCC_WARN_UNUSED_VARIABLE = YES;
				IPHONEOS_DEPLOYMENT_TARGET = 15.4;
				MTL_ENABLE_DEBUG_INFO = NO;
				MTL_FAST_MATH = YES;
				SDKROOT = iphoneos;
				SWIFT_COMPILATION_MODE = wholemodule;
				SWIFT_OPTIMIZATION_LEVEL = "-O";
				VALIDATE_PRODUCT = YES;
			};
			name = Release;
		};
		EFD33D5A28111FEA006B841F /* Debug */ = {
			isa = XCBuildConfiguration;
			buildSettings = {
				ASSETCATALOG_COMPILER_APPICON_NAME = AppIcon;
				ASSETCATALOG_COMPILER_GLOBAL_ACCENT_COLOR_NAME = AccentColor;
				CODE_SIGN_STYLE = Automatic;
				CURRENT_PROJECT_VERSION = 1;
				GENERATE_INFOPLIST_FILE = YES;
				INFOPLIST_FILE = "MVVM-RestaurentAPP/Info.plist";
				INFOPLIST_KEY_UIApplicationSupportsIndirectInputEvents = YES;
				INFOPLIST_KEY_UILaunchStoryboardName = LaunchScreen;
				INFOPLIST_KEY_UIMainStoryboardFile = Main;
				INFOPLIST_KEY_UISupportedInterfaceOrientations_iPad = "UIInterfaceOrientationPortrait UIInterfaceOrientationPortraitUpsideDown UIInterfaceOrientationLandscapeLeft UIInterfaceOrientationLandscapeRight";
				INFOPLIST_KEY_UISupportedInterfaceOrientations_iPhone = "UIInterfaceOrientationPortrait UIInterfaceOrientationLandscapeLeft UIInterfaceOrientationLandscapeRight";
				LD_RUNPATH_SEARCH_PATHS = (
					"$(inherited)",
					"@executable_path/Frameworks",
				);
				MARKETING_VERSION = 1.0;
				PRODUCT_BUNDLE_IDENTIFIER = "com.rahim.MVVM-RestaurentAPP";
				PRODUCT_NAME = "$(TARGET_NAME)";
				SWIFT_EMIT_LOC_STRINGS = YES;
				SWIFT_VERSION = 5.0;
				TARGETED_DEVICE_FAMILY = "1,2";
			};
			name = Debug;
		};
		EFD33D5B28111FEA006B841F /* Release */ = {
			isa = XCBuildConfiguration;
			buildSettings = {
				ASSETCATALOG_COMPILER_APPICON_NAME = AppIcon;
				ASSETCATALOG_COMPILER_GLOBAL_ACCENT_COLOR_NAME = AccentColor;
				CODE_SIGN_STYLE = Automatic;
				CURRENT_PROJECT_VERSION = 1;
				GENERATE_INFOPLIST_FILE = YES;
				INFOPLIST_FILE = "MVVM-RestaurentAPP/Info.plist";
				INFOPLIST_KEY_UIApplicationSupportsIndirectInputEvents = YES;
				INFOPLIST_KEY_UILaunchStoryboardName = LaunchScreen;
				INFOPLIST_KEY_UIMainStoryboardFile = Main;
				INFOPLIST_KEY_UISupportedInterfaceOrientations_iPad = "UIInterfaceOrientationPortrait UIInterfaceOrientationPortraitUpsideDown UIInterfaceOrientationLandscapeLeft UIInterfaceOrientationLandscapeRight";
				INFOPLIST_KEY_UISupportedInterfaceOrientations_iPhone = "UIInterfaceOrientationPortrait UIInterfaceOrientationLandscapeLeft UIInterfaceOrientationLandscapeRight";
				LD_RUNPATH_SEARCH_PATHS = (
					"$(inherited)",
					"@executable_path/Frameworks",
				);
				MARKETING_VERSION = 1.0;
				PRODUCT_BUNDLE_IDENTIFIER = "com.rahim.MVVM-RestaurentAPP";
				PRODUCT_NAME = "$(TARGET_NAME)";
				SWIFT_EMIT_LOC_STRINGS = YES;
				SWIFT_VERSION = 5.0;
				TARGETED_DEVICE_FAMILY = "1,2";
			};
			name = Release;
		};
/* End XCBuildConfiguration section */

/* Begin XCConfigurationList section */
		EFD33D4028111FE2006B841F /* Build configuration list for PBXProject "MVVM-RestaurentAPP" */ = {
			isa = XCConfigurationList;
			buildConfigurations = (
				EFD33D5728111FEA006B841F /* Debug */,
				EFD33D5828111FEA006B841F /* Release */,
			);
			defaultConfigurationIsVisible = 0;
			defaultConfigurationName = Release;
		};
		EFD33D5928111FEA006B841F /* Build configuration list for PBXNativeTarget "MVVM-RestaurentAPP" */ = {
			isa = XCConfigurationList;
			buildConfigurations = (
				EFD33D5A28111FEA006B841F /* Debug */,
				EFD33D5B28111FEA006B841F /* Release */,
			);
			defaultConfigurationIsVisible = 0;
			defaultConfigurationName = Release;
		};
/* End XCConfigurationList section */

/* Begin XCRemoteSwiftPackageReference section */
		EFD33D8D28115BC2006B841F /* XCRemoteSwiftPackageReference "SDWebImage" */ = {
			isa = XCRemoteSwiftPackageReference;
			repositoryURL = "https://github.com/SDWebImage/SDWebImage.git";
			requirement = {
				kind = upToNextMajorVersion;
				minimumVersion = 5.0.0;
			};
		};
/* End XCRemoteSwiftPackageReference section */

/* Begin XCSwiftPackageProductDependency section */
		EFD33D8E28115BC2006B841F /* SDWebImage */ = {
			isa = XCSwiftPackageProductDependency;
			package = EFD33D8D28115BC2006B841F /* XCRemoteSwiftPackageReference "SDWebImage" */;
			productName = SDWebImage;
		};
/* End XCSwiftPackageProductDependency section */
	};
	rootObject = EFD33D3D28111FE2006B841F /* Project object */;
}
